
Microsoft Visual Studio Solution File, Format Version 12.00
# Visual Studio 15
VisualStudioVersion = 15.0.26124.0
MinimumVisualStudioVersion = 15.0.26124.0
Project("{FAE04EC0-301F-11D3-BF4B-00C04F79EFBC}") = "Loja", "Source.Api\Loja.csproj", "{C2BB24F5-3625-43C3-AFE6-FFFF60950607}"
EndProject
Project("{FAE04EC0-301F-11D3-BF4B-00C04F79EFBC}") = "Source.Tests", "Source.Tests\Source.Tests.csproj", "{9683A6E6-2775-473F-B462-6E2D140D35AD}"
EndProject
Project("{FAE04EC0-301F-11D3-BF4B-00C04F79EFBC}") = "Source.Ui.Tests", "Source.Ui.Tests\Source.Ui.Tests.csproj", "{5741F180-78FD-43B7-A5BA-33FC4AB339A1}"
EndProject
Global
	GlobalSection(SolutionConfigurationPlatforms) = preSolution
		Debug|Any CPU = Debug|Any CPU
		Debug|x64 = Debug|x64
		Debug|x86 = Debug|x86
		Release|Any CPU = Release|Any CPU
		Release|x64 = Release|x64
		Release|x86 = Release|x86
	EndGlobalSection
	GlobalSection(SolutionProperties) = preSolution
		HideSolutionNode = FALSE
	EndGlobalSection
	GlobalSection(ProjectConfigurationPlatforms) = postSolution
		{C2BB24F5-3625-43C3-AFE6-FFFF60950607}.Debug|Any CPU.ActiveCfg = Debug|Any CPU
		{C2BB24F5-3625-43C3-AFE6-FFFF60950607}.Debug|Any CPU.Build.0 = Debug|Any CPU
		{C2BB24F5-3625-43C3-AFE6-FFFF60950607}.Debug|x64.ActiveCfg = Debug|Any CPU
		{C2BB24F5-3625-43C3-AFE6-FFFF60950607}.Debug|x64.Build.0 = Debug|Any CPU
		{C2BB24F5-3625-43C3-AFE6-FFFF60950607}.Debug|x86.ActiveCfg = Debug|Any CPU
		{C2BB24F5-3625-43C3-AFE6-FFFF60950607}.Debug|x86.Build.0 = Debug|Any CPU
		{C2BB24F5-3625-43C3-AFE6-FFFF60950607}.Release|Any CPU.ActiveCfg = Release|Any CPU
		{C2BB24F5-3625-43C3-AFE6-FFFF60950607}.Release|Any CPU.Build.0 = Release|Any CPU
		{C2BB24F5-3625-43C3-AFE6-FFFF60950607}.Release|x64.ActiveCfg = Release|Any CPU
		{C2BB24F5-3625-43C3-AFE6-FFFF60950607}.Release|x64.Build.0 = Release|Any CPU
		{C2BB24F5-3625-43C3-AFE6-FFFF60950607}.Release|x86.ActiveCfg = Release|Any CPU
		{C2BB24F5-3625-43C3-AFE6-FFFF60950607}.Release|x86.Build.0 = Release|Any CPU
		{9683A6E6-2775-473F-B462-6E2D140D35AD}.Debug|Any CPU.ActiveCfg = Debug|Any CPU
		{9683A6E6-2775-473F-B462-6E2D140D35AD}.Debug|Any CPU.Build.0 = Debug|Any CPU
		{9683A6E6-2775-473F-B462-6E2D140D35AD}.Debug|x64.ActiveCfg = Debug|Any CPU
		{9683A6E6-2775-473F-B462-6E2D140D35AD}.Debug|x64.Build.0 = Debug|Any CPU
		{9683A6E6-2775-473F-B462-6E2D140D35AD}.Debug|x86.ActiveCfg = Debug|Any CPU
		{9683A6E6-2775-473F-B462-6E2D140D35AD}.Debug|x86.Build.0 = Debug|Any CPU
		{9683A6E6-2775-473F-B462-6E2D140D35AD}.Release|Any CPU.ActiveCfg = Release|Any CPU
		{9683A6E6-2775-473F-B462-6E2D140D35AD}.Release|Any CPU.Build.0 = Release|Any CPU
		{9683A6E6-2775-473F-B462-6E2D140D35AD}.Release|x64.ActiveCfg = Release|Any CPU
		{9683A6E6-2775-473F-B462-6E2D140D35AD}.Release|x64.Build.0 = Release|Any CPU
		{9683A6E6-2775-473F-B462-6E2D140D35AD}.Release|x86.ActiveCfg = Release|Any CPU
		{9683A6E6-2775-473F-B462-6E2D140D35AD}.Release|x86.Build.0 = Release|Any CPU
		{5741F180-78FD-43B7-A5BA-33FC4AB339A1}.Debug|Any CPU.ActiveCfg = Debug|Any CPU
		{5741F180-78FD-43B7-A5BA-33FC4AB339A1}.Debug|Any CPU.Build.0 = Debug|Any CPU
		{5741F180-78FD-43B7-A5BA-33FC4AB339A1}.Debug|x64.ActiveCfg = Debug|Any CPU
		{5741F180-78FD-43B7-A5BA-33FC4AB339A1}.Debug|x64.Build.0 = Debug|Any CPU
		{5741F180-78FD-43B7-A5BA-33FC4AB339A1}.Debug|x86.ActiveCfg = Debug|Any CPU
		{5741F180-78FD-43B7-A5BA-33FC4AB339A1}.Debug|x86.Build.0 = Debug|Any CPU
		{5741F180-78FD-43B7-A5BA-33FC4AB339A1}.Release|Any CPU.ActiveCfg = Release|Any CPU
		{5741F180-78FD-43B7-A5BA-33FC4AB339A1}.Release|Any CPU.Build.0 = Release|Any CPU
		{5741F180-78FD-43B7-A5BA-33FC4AB339A1}.Release|x64.ActiveCfg = Release|Any CPU
		{5741F180-78FD-43B7-A5BA-33FC4AB339A1}.Release|x64.Build.0 = Release|Any CPU
		{5741F180-78FD-43B7-A5BA-33FC4AB339A1}.Release|x86.ActiveCfg = Release|Any CPU
		{5741F180-78FD-43B7-A5BA-33FC4AB339A1}.Release|x86.Build.0 = Release|Any CPU
	EndGlobalSection
EndGlobal
